// !$*UTF8*$!
{
	archiveVersion = 1;
	classes = {
	};
	objectVersion = 46;
	objects = {

/* Begin PBXBuildFile section */
		E834D6EC1D568517004ED2D9 /* FunctionHelper.swift in Sources */ = {isa = PBXBuildFile; fileRef = E834D6EB1D568517004ED2D9 /* FunctionHelper.swift */; };
		E834D6ED1D568517004ED2D9 /* FunctionHelper.swift in Sources */ = {isa = PBXBuildFile; fileRef = E834D6EB1D568517004ED2D9 /* FunctionHelper.swift */; };
		E834D6F01D56B2A5004ED2D9 /* Rock.swift in Sources */ = {isa = PBXBuildFile; fileRef = E834D6EF1D56B2A5004ED2D9 /* Rock.swift */; };
		E834D6F11D56B2A5004ED2D9 /* Rock.swift in Sources */ = {isa = PBXBuildFile; fileRef = E834D6EF1D56B2A5004ED2D9 /* Rock.swift */; };
		E834D6F31D56B2D8004ED2D9 /* PhysicsHelper.swift in Sources */ = {isa = PBXBuildFile; fileRef = E834D6F21D56B2D8004ED2D9 /* PhysicsHelper.swift */; };
		E834D6F41D56B2D8004ED2D9 /* PhysicsHelper.swift in Sources */ = {isa = PBXBuildFile; fileRef = E834D6F21D56B2D8004ED2D9 /* PhysicsHelper.swift */; };
		E834D6F81D66B741004ED2D9 /* GameEngine.swift in Sources */ = {isa = PBXBuildFile; fileRef = E834D6F71D66B741004ED2D9 /* GameEngine.swift */; };
		E834D6F91D66B741004ED2D9 /* GameEngine.swift in Sources */ = {isa = PBXBuildFile; fileRef = E834D6F71D66B741004ED2D9 /* GameEngine.swift */; };
		E834D6FB1D66BEF5004ED2D9 /* GameState.swift in Sources */ = {isa = PBXBuildFile; fileRef = E834D6FA1D66BEF5004ED2D9 /* GameState.swift */; };
		E834D6FC1D66BEF5004ED2D9 /* GameState.swift in Sources */ = {isa = PBXBuildFile; fileRef = E834D6FA1D66BEF5004ED2D9 /* GameState.swift */; };
		E834D6FF1D6A0C02004ED2D9 /* WorldOne.swift in Sources */ = {isa = PBXBuildFile; fileRef = E834D6FE1D6A0C02004ED2D9 /* WorldOne.swift */; };
		E834D7001D6A0C02004ED2D9 /* WorldOne.swift in Sources */ = {isa = PBXBuildFile; fileRef = E834D6FE1D6A0C02004ED2D9 /* WorldOne.swift */; };
		E85444471D45C18900102BE2 /* Boundaries.swift in Sources */ = {isa = PBXBuildFile; fileRef = E85444461D45C18900102BE2 /* Boundaries.swift */; };
		E85444481D45C18900102BE2 /* Boundaries.swift in Sources */ = {isa = PBXBuildFile; fileRef = E85444461D45C18900102BE2 /* Boundaries.swift */; };
		E854444B1D45C56100102BE2 /* Player.swift in Sources */ = {isa = PBXBuildFile; fileRef = E854444A1D45C56100102BE2 /* Player.swift */; };
		E854444C1D45C56100102BE2 /* Player.swift in Sources */ = {isa = PBXBuildFile; fileRef = E854444A1D45C56100102BE2 /* Player.swift */; };
		E854444F1D45CA2F00102BE2 /* GameBackground.swift in Sources */ = {isa = PBXBuildFile; fileRef = E854444E1D45CA2F00102BE2 /* GameBackground.swift */; };
		E85444501D45CA2F00102BE2 /* GameBackground.swift in Sources */ = {isa = PBXBuildFile; fileRef = E854444E1D45CA2F00102BE2 /* GameBackground.swift */; };
		E85444531D4C686D00102BE2 /* GamesceneButtons.swift in Sources */ = {isa = PBXBuildFile; fileRef = E85444521D4C686D00102BE2 /* GamesceneButtons.swift */; };
		E85444541D4C686D00102BE2 /* GamesceneButtons.swift in Sources */ = {isa = PBXBuildFile; fileRef = E85444521D4C686D00102BE2 /* GamesceneButtons.swift */; };
		E85444571D4C6A4900102BE2 /* Enemy.swift in Sources */ = {isa = PBXBuildFile; fileRef = E85444561D4C6A4900102BE2 /* Enemy.swift */; };
		E85444581D4C6A4900102BE2 /* Enemy.swift in Sources */ = {isa = PBXBuildFile; fileRef = E85444561D4C6A4900102BE2 /* Enemy.swift */; };
		E88760F91D70DE7B00CE4504 /* Boost.swift in Sources */ = {isa = PBXBuildFile; fileRef = E88760F81D70DE7B00CE4504 /* Boost.swift */; };
		E88760FA1D70DE7B00CE4504 /* Boost.swift in Sources */ = {isa = PBXBuildFile; fileRef = E88760F81D70DE7B00CE4504 /* Boost.swift */; };
		E8ACFAED1D41D4B9004F4C50 /* AppDelegate.swift in Sources */ = {isa = PBXBuildFile; fileRef = E8ACFAEC1D41D4B9004F4C50 /* AppDelegate.swift */; };
		E8ACFAEF1D41D4B9004F4C50 /* GameScene.sks in Resources */ = {isa = PBXBuildFile; fileRef = E8ACFAEE1D41D4B9004F4C50 /* GameScene.sks */; };
		E8ACFAF11D41D4B9004F4C50 /* GameScene.swift in Sources */ = {isa = PBXBuildFile; fileRef = E8ACFAF01D41D4B9004F4C50 /* GameScene.swift */; };
		E8ACFAF31D41D4B9004F4C50 /* GameViewController.swift in Sources */ = {isa = PBXBuildFile; fileRef = E8ACFAF21D41D4B9004F4C50 /* GameViewController.swift */; };
		E8ACFAF61D41D4B9004F4C50 /* Main.storyboard in Resources */ = {isa = PBXBuildFile; fileRef = E8ACFAF41D41D4B9004F4C50 /* Main.storyboard */; };
		E8ACFAFB1D41D4B9004F4C50 /* LaunchScreen.storyboard in Resources */ = {isa = PBXBuildFile; fileRef = E8ACFAF91D41D4B9004F4C50 /* LaunchScreen.storyboard */; };
		E8ACFB061D41D4BA004F4C50 /* SpaceEliteTests.swift in Sources */ = {isa = PBXBuildFile; fileRef = E8ACFB051D41D4BA004F4C50 /* SpaceEliteTests.swift */; };
		E8ACFB111D41D4BA004F4C50 /* SpaceEliteUITests.swift in Sources */ = {isa = PBXBuildFile; fileRef = E8ACFB101D41D4BA004F4C50 /* SpaceEliteUITests.swift */; };
		E8ACFB241D41DBE5004F4C50 /* MenuScene.swift in Sources */ = {isa = PBXBuildFile; fileRef = E8ACFB231D41DBE5004F4C50 /* MenuScene.swift */; };
		E8ACFB261D41DBF6004F4C50 /* MenuScene.sks in Resources */ = {isa = PBXBuildFile; fileRef = E8ACFB251D41DBF6004F4C50 /* MenuScene.sks */; };
		E8ACFB291D41DF75004F4C50 /* MenuBackground.swift in Sources */ = {isa = PBXBuildFile; fileRef = E8ACFB281D41DF75004F4C50 /* MenuBackground.swift */; };
		E8ACFB2C1D41E9CC004F4C50 /* MenuButtons.swift in Sources */ = {isa = PBXBuildFile; fileRef = E8ACFB2B1D41E9CC004F4C50 /* MenuButtons.swift */; };
		E8ACFB301D41F1DF004F4C50 /* MenuLabels.swift in Sources */ = {isa = PBXBuildFile; fileRef = E8ACFB2F1D41F1DF004F4C50 /* MenuLabels.swift */; };
		E8ACFB331D43DA79004F4C50 /* MenuLabels.swift in Sources */ = {isa = PBXBuildFile; fileRef = E8ACFB2F1D41F1DF004F4C50 /* MenuLabels.swift */; };
		E8ACFB341D43DA79004F4C50 /* MenuButtons.swift in Sources */ = {isa = PBXBuildFile; fileRef = E8ACFB2B1D41E9CC004F4C50 /* MenuButtons.swift */; };
		E8ACFB351D43DA79004F4C50 /* GameScene.swift in Sources */ = {isa = PBXBuildFile; fileRef = E8ACFAF01D41D4B9004F4C50 /* GameScene.swift */; };
		E8ACFB361D43DA79004F4C50 /* MenuScene.swift in Sources */ = {isa = PBXBuildFile; fileRef = E8ACFB231D41DBE5004F4C50 /* MenuScene.swift */; };
		E8ACFB371D43DA79004F4C50 /* GameViewController.swift in Sources */ = {isa = PBXBuildFile; fileRef = E8ACFAF21D41D4B9004F4C50 /* GameViewController.swift */; };
		E8ACFB381D43DA79004F4C50 /* AppDelegate.swift in Sources */ = {isa = PBXBuildFile; fileRef = E8ACFAEC1D41D4B9004F4C50 /* AppDelegate.swift */; };
		E8ACFB391D43DA79004F4C50 /* MenuBackground.swift in Sources */ = {isa = PBXBuildFile; fileRef = E8ACFB281D41DF75004F4C50 /* MenuBackground.swift */; };
		E8ACFB3C1D43DA79004F4C50 /* GameScene.sks in Resources */ = {isa = PBXBuildFile; fileRef = E8ACFAEE1D41D4B9004F4C50 /* GameScene.sks */; };
		E8ACFB3D1D43DA79004F4C50 /* LaunchScreen.storyboard in Resources */ = {isa = PBXBuildFile; fileRef = E8ACFAF91D41D4B9004F4C50 /* LaunchScreen.storyboard */; };
		E8ACFB3F1D43DA79004F4C50 /* MenuScene.sks in Resources */ = {isa = PBXBuildFile; fileRef = E8ACFB251D41DBF6004F4C50 /* MenuScene.sks */; };
		E8ACFB401D43DA79004F4C50 /* Main.storyboard in Resources */ = {isa = PBXBuildFile; fileRef = E8ACFAF41D41D4B9004F4C50 /* Main.storyboard */; };
		E8ACFB4E1D43E4A4004F4C50 /* SettingsBackground.swift in Sources */ = {isa = PBXBuildFile; fileRef = E8ACFB4D1D43E4A4004F4C50 /* SettingsBackground.swift */; };
		E8ACFB501D43E4B6004F4C50 /* SettingsButtons.swift in Sources */ = {isa = PBXBuildFile; fileRef = E8ACFB4F1D43E4B6004F4C50 /* SettingsButtons.swift */; };
		E8ACFB521D43E4D2004F4C50 /* SettingsLabels.swift in Sources */ = {isa = PBXBuildFile; fileRef = E8ACFB511D43E4D2004F4C50 /* SettingsLabels.swift */; };
		E8ACFB5E1D43E970004F4C50 /* SettingsScene.swift in Sources */ = {isa = PBXBuildFile; fileRef = E8ACFB5D1D43E970004F4C50 /* SettingsScene.swift */; };
		E8ACFB5F1D43E978004F4C50 /* SettingsScene.swift in Sources */ = {isa = PBXBuildFile; fileRef = E8ACFB5D1D43E970004F4C50 /* SettingsScene.swift */; };
		E8ACFB601D43E97C004F4C50 /* SettingsBackground.swift in Sources */ = {isa = PBXBuildFile; fileRef = E8ACFB4D1D43E4A4004F4C50 /* SettingsBackground.swift */; };
		E8ACFB611D43E97F004F4C50 /* SettingsButtons.swift in Sources */ = {isa = PBXBuildFile; fileRef = E8ACFB4F1D43E4B6004F4C50 /* SettingsButtons.swift */; };
		E8ACFB621D43E982004F4C50 /* SettingsLabels.swift in Sources */ = {isa = PBXBuildFile; fileRef = E8ACFB511D43E4D2004F4C50 /* SettingsLabels.swift */; };
		E8ACFB641D43EA55004F4C50 /* SettingsScene.sks in Resources */ = {isa = PBXBuildFile; fileRef = E8ACFB631D43EA55004F4C50 /* SettingsScene.sks */; };
		E8ACFB651D43EA65004F4C50 /* SettingsScene.sks in Resources */ = {isa = PBXBuildFile; fileRef = E8ACFB631D43EA55004F4C50 /* SettingsScene.sks */; };
		E8ACFB691D44059F004F4C50 /* ViewHelper.swift in Sources */ = {isa = PBXBuildFile; fileRef = E8ACFB681D44059F004F4C50 /* ViewHelper.swift */; };
		E8ACFB6A1D4405A2004F4C50 /* ViewHelper.swift in Sources */ = {isa = PBXBuildFile; fileRef = E8ACFB681D44059F004F4C50 /* ViewHelper.swift */; };
		E8ACFB701D44253E004F4C50 /* LeaderboardsScene.swift in Sources */ = {isa = PBXBuildFile; fileRef = E8ACFB6F1D44253E004F4C50 /* LeaderboardsScene.swift */; };
		E8ACFB721D442554004F4C50 /* LeaderboardsScene.sks in Resources */ = {isa = PBXBuildFile; fileRef = E8ACFB711D442554004F4C50 /* LeaderboardsScene.sks */; };
		E8ACFB771D442591004F4C50 /* LeaderboardsBackground.swift in Sources */ = {isa = PBXBuildFile; fileRef = E8ACFB761D442591004F4C50 /* LeaderboardsBackground.swift */; };
		E8ACFB791D44259C004F4C50 /* LeaderboardsButtons.swift in Sources */ = {isa = PBXBuildFile; fileRef = E8ACFB781D44259C004F4C50 /* LeaderboardsButtons.swift */; };
		E8ACFB7B1D4425A8004F4C50 /* LeaderboardsLabels.swift in Sources */ = {isa = PBXBuildFile; fileRef = E8ACFB7A1D4425A8004F4C50 /* LeaderboardsLabels.swift */; };
		E8ACFB7C1D4428F5004F4C50 /* LeaderboardsScene.sks in Resources */ = {isa = PBXBuildFile; fileRef = E8ACFB711D442554004F4C50 /* LeaderboardsScene.sks */; };
		E8ACFB7D1D4428F8004F4C50 /* LeaderboardsScene.swift in Sources */ = {isa = PBXBuildFile; fileRef = E8ACFB6F1D44253E004F4C50 /* LeaderboardsScene.swift */; };
		E8ACFB7E1D4428FD004F4C50 /* LeaderboardsBackground.swift in Sources */ = {isa = PBXBuildFile; fileRef = E8ACFB761D442591004F4C50 /* LeaderboardsBackground.swift */; };
		E8ACFB7F1D4428FF004F4C50 /* LeaderboardsButtons.swift in Sources */ = {isa = PBXBuildFile; fileRef = E8ACFB781D44259C004F4C50 /* LeaderboardsButtons.swift */; };
		E8ACFB801D442902004F4C50 /* LeaderboardsLabels.swift in Sources */ = {isa = PBXBuildFile; fileRef = E8ACFB7A1D4425A8004F4C50 /* LeaderboardsLabels.swift */; };
		E8ACFB821D452758004F4C50 /* Assets.xcassets in Resources */ = {isa = PBXBuildFile; fileRef = E8ACFAF71D41D4B9004F4C50 /* Assets.xcassets */; };
		E8ACFB831D45275E004F4C50 /* Assets.xcassets in Resources */ = {isa = PBXBuildFile; fileRef = E8ACFAF71D41D4B9004F4C50 /* Assets.xcassets */; };
		E8ACFB861D45285E004F4C50 /* ChooseShipScene.swift in Sources */ = {isa = PBXBuildFile; fileRef = E8ACFB851D45285E004F4C50 /* ChooseShipScene.swift */; };
		E8ACFB881D452876004F4C50 /* ChooseShipScene.sks in Resources */ = {isa = PBXBuildFile; fileRef = E8ACFB871D452876004F4C50 /* ChooseShipScene.sks */; };
		E8ACFB8D1D4528B5004F4C50 /* ChooseShipBackground.swift in Sources */ = {isa = PBXBuildFile; fileRef = E8ACFB8C1D4528B5004F4C50 /* ChooseShipBackground.swift */; };
		E8ACFB8F1D4528C3004F4C50 /* ChooseShipButtons.swift in Sources */ = {isa = PBXBuildFile; fileRef = E8ACFB8E1D4528C3004F4C50 /* ChooseShipButtons.swift */; };
		E8ACFB911D4528D8004F4C50 /* ChooseShipLabels.swift in Sources */ = {isa = PBXBuildFile; fileRef = E8ACFB901D4528D8004F4C50 /* ChooseShipLabels.swift */; };
		E8ACFB921D4540D4004F4C50 /* ChooseShipScene.swift in Sources */ = {isa = PBXBuildFile; fileRef = E8ACFB851D45285E004F4C50 /* ChooseShipScene.swift */; };
		E8ACFB931D4540D8004F4C50 /* ChooseShipScene.sks in Resources */ = {isa = PBXBuildFile; fileRef = E8ACFB871D452876004F4C50 /* ChooseShipScene.sks */; };
		E8ACFB941D4540DE004F4C50 /* ChooseShipBackground.swift in Sources */ = {isa = PBXBuildFile; fileRef = E8ACFB8C1D4528B5004F4C50 /* ChooseShipBackground.swift */; };
		E8ACFB951D4540E2004F4C50 /* ChooseShipButtons.swift in Sources */ = {isa = PBXBuildFile; fileRef = E8ACFB8E1D4528C3004F4C50 /* ChooseShipButtons.swift */; };
		E8ACFB961D4540E6004F4C50 /* ChooseShipLabels.swift in Sources */ = {isa = PBXBuildFile; fileRef = E8ACFB901D4528D8004F4C50 /* ChooseShipLabels.swift */; };
		E8EFC6CB1D6CF7DB00D1868A /* GameSettings.swift in Sources */ = {isa = PBXBuildFile; fileRef = E8EFC6CA1D6CF7DB00D1868A /* GameSettings.swift */; };
		E8EFC6CC1D6CF7DB00D1868A /* GameSettings.swift in Sources */ = {isa = PBXBuildFile; fileRef = E8EFC6CA1D6CF7DB00D1868A /* GameSettings.swift */; };
/* End PBXBuildFile section */

/* Begin PBXContainerItemProxy section */
		E8ACFB021D41D4BA004F4C50 /* PBXContainerItemProxy */ = {
			isa = PBXContainerItemProxy;
			containerPortal = E8ACFAE11D41D4B9004F4C50 /* Project object */;
			proxyType = 1;
			remoteGlobalIDString = E8ACFAE81D41D4B9004F4C50;
			remoteInfo = SpaceElite;
		};
		E8ACFB0D1D41D4BA004F4C50 /* PBXContainerItemProxy */ = {
			isa = PBXContainerItemProxy;
			containerPortal = E8ACFAE11D41D4B9004F4C50 /* Project object */;
			proxyType = 1;
			remoteGlobalIDString = E8ACFAE81D41D4B9004F4C50;
			remoteInfo = SpaceElite;
		};
/* End PBXContainerItemProxy section */

/* Begin PBXFileReference section */
		E834D6EB1D568517004ED2D9 /* FunctionHelper.swift */ = {isa = PBXFileReference; fileEncoding = 4; lastKnownFileType = sourcecode.swift; path = FunctionHelper.swift; sourceTree = "<group>"; };
		E834D6EF1D56B2A5004ED2D9 /* Rock.swift */ = {isa = PBXFileReference; fileEncoding = 4; lastKnownFileType = sourcecode.swift; path = Rock.swift; sourceTree = "<group>"; };
		E834D6F21D56B2D8004ED2D9 /* PhysicsHelper.swift */ = {isa = PBXFileReference; fileEncoding = 4; lastKnownFileType = sourcecode.swift; path = PhysicsHelper.swift; sourceTree = "<group>"; };
		E834D6F71D66B741004ED2D9 /* GameEngine.swift */ = {isa = PBXFileReference; fileEncoding = 4; lastKnownFileType = sourcecode.swift; path = GameEngine.swift; sourceTree = "<group>"; };
		E834D6FA1D66BEF5004ED2D9 /* GameState.swift */ = {isa = PBXFileReference; fileEncoding = 4; lastKnownFileType = sourcecode.swift; path = GameState.swift; sourceTree = "<group>"; };
		E834D6FE1D6A0C02004ED2D9 /* WorldOne.swift */ = {isa = PBXFileReference; fileEncoding = 4; lastKnownFileType = sourcecode.swift; path = WorldOne.swift; sourceTree = "<group>"; };
		E85444461D45C18900102BE2 /* Boundaries.swift */ = {isa = PBXFileReference; fileEncoding = 4; lastKnownFileType = sourcecode.swift; path = Boundaries.swift; sourceTree = "<group>"; };
		E854444A1D45C56100102BE2 /* Player.swift */ = {isa = PBXFileReference; fileEncoding = 4; lastKnownFileType = sourcecode.swift; path = Player.swift; sourceTree = "<group>"; };
		E854444E1D45CA2F00102BE2 /* GameBackground.swift */ = {isa = PBXFileReference; fileEncoding = 4; lastKnownFileType = sourcecode.swift; path = GameBackground.swift; sourceTree = "<group>"; };
		E85444521D4C686D00102BE2 /* GamesceneButtons.swift */ = {isa = PBXFileReference; fileEncoding = 4; lastKnownFileType = sourcecode.swift; path = GamesceneButtons.swift; sourceTree = "<group>"; };
		E85444561D4C6A4900102BE2 /* Enemy.swift */ = {isa = PBXFileReference; fileEncoding = 4; lastKnownFileType = sourcecode.swift; path = Enemy.swift; sourceTree = "<group>"; };
		E88760F81D70DE7B00CE4504 /* Boost.swift */ = {isa = PBXFileReference; fileEncoding = 4; lastKnownFileType = sourcecode.swift; path = Boost.swift; sourceTree = "<group>"; };
		E8ACFAE91D41D4B9004F4C50 /* CometFall.app */ = {isa = PBXFileReference; explicitFileType = wrapper.application; includeInIndex = 0; path = CometFall.app; sourceTree = BUILT_PRODUCTS_DIR; };
		E8ACFAEC1D41D4B9004F4C50 /* AppDelegate.swift */ = {isa = PBXFileReference; lastKnownFileType = sourcecode.swift; path = AppDelegate.swift; sourceTree = "<group>"; };
		E8ACFAEE1D41D4B9004F4C50 /* GameScene.sks */ = {isa = PBXFileReference; lastKnownFileType = file.sks; path = GameScene.sks; sourceTree = "<group>"; };
		E8ACFAF01D41D4B9004F4C50 /* GameScene.swift */ = {isa = PBXFileReference; lastKnownFileType = sourcecode.swift; path = GameScene.swift; sourceTree = "<group>"; };
		E8ACFAF21D41D4B9004F4C50 /* GameViewController.swift */ = {isa = PBXFileReference; lastKnownFileType = sourcecode.swift; path = GameViewController.swift; sourceTree = "<group>"; };
		E8ACFAF51D41D4B9004F4C50 /* Base */ = {isa = PBXFileReference; lastKnownFileType = file.storyboard; name = Base; path = Base.lproj/Main.storyboard; sourceTree = "<group>"; };
		E8ACFAF71D41D4B9004F4C50 /* Assets.xcassets */ = {isa = PBXFileReference; lastKnownFileType = folder.assetcatalog; path = Assets.xcassets; sourceTree = "<group>"; };
		E8ACFAFA1D41D4B9004F4C50 /* Base */ = {isa = PBXFileReference; lastKnownFileType = file.storyboard; name = Base; path = Base.lproj/LaunchScreen.storyboard; sourceTree = "<group>"; };
		E8ACFAFC1D41D4B9004F4C50 /* Info.plist */ = {isa = PBXFileReference; lastKnownFileType = text.plist.xml; path = Info.plist; sourceTree = "<group>"; };
		E8ACFB011D41D4BA004F4C50 /* CometFall.xctest */ = {isa = PBXFileReference; explicitFileType = wrapper.cfbundle; includeInIndex = 0; path = CometFall.xctest; sourceTree = BUILT_PRODUCTS_DIR; };
		E8ACFB051D41D4BA004F4C50 /* SpaceEliteTests.swift */ = {isa = PBXFileReference; lastKnownFileType = sourcecode.swift; path = SpaceEliteTests.swift; sourceTree = "<group>"; };
		E8ACFB071D41D4BA004F4C50 /* Info.plist */ = {isa = PBXFileReference; lastKnownFileType = text.plist.xml; path = Info.plist; sourceTree = "<group>"; };
		E8ACFB0C1D41D4BA004F4C50 /* CometFall.xctest */ = {isa = PBXFileReference; explicitFileType = wrapper.cfbundle; includeInIndex = 0; path = CometFall.xctest; sourceTree = BUILT_PRODUCTS_DIR; };
		E8ACFB101D41D4BA004F4C50 /* SpaceEliteUITests.swift */ = {isa = PBXFileReference; lastKnownFileType = sourcecode.swift; path = SpaceEliteUITests.swift; sourceTree = "<group>"; };
		E8ACFB121D41D4BA004F4C50 /* Info.plist */ = {isa = PBXFileReference; lastKnownFileType = text.plist.xml; path = Info.plist; sourceTree = "<group>"; };
		E8ACFB231D41DBE5004F4C50 /* MenuScene.swift */ = {isa = PBXFileReference; fileEncoding = 4; lastKnownFileType = sourcecode.swift; path = MenuScene.swift; sourceTree = "<group>"; };
		E8ACFB251D41DBF6004F4C50 /* MenuScene.sks */ = {isa = PBXFileReference; lastKnownFileType = file.sks; path = MenuScene.sks; sourceTree = "<group>"; };
		E8ACFB281D41DF75004F4C50 /* MenuBackground.swift */ = {isa = PBXFileReference; fileEncoding = 4; lastKnownFileType = sourcecode.swift; path = MenuBackground.swift; sourceTree = "<group>"; };
		E8ACFB2B1D41E9CC004F4C50 /* MenuButtons.swift */ = {isa = PBXFileReference; fileEncoding = 4; lastKnownFileType = sourcecode.swift; path = MenuButtons.swift; sourceTree = "<group>"; };
		E8ACFB2F1D41F1DF004F4C50 /* MenuLabels.swift */ = {isa = PBXFileReference; fileEncoding = 4; lastKnownFileType = sourcecode.swift; path = MenuLabels.swift; sourceTree = "<group>"; };
		E8ACFB441D43DA79004F4C50 /* CometFall.app */ = {isa = PBXFileReference; explicitFileType = wrapper.application; includeInIndex = 0; path = CometFall.app; sourceTree = BUILT_PRODUCTS_DIR; };
		E8ACFB451D43DA79004F4C50 /* DEV-Info.plist */ = {isa = PBXFileReference; lastKnownFileType = text.plist.xml; name = "DEV-Info.plist"; path = "/Users/keenansturtevant/Desktop/SpaceElite/DEV-Info.plist"; sourceTree = "<absolute>"; };
		E8ACFB4D1D43E4A4004F4C50 /* SettingsBackground.swift */ = {isa = PBXFileReference; fileEncoding = 4; lastKnownFileType = sourcecode.swift; path = SettingsBackground.swift; sourceTree = "<group>"; };
		E8ACFB4F1D43E4B6004F4C50 /* SettingsButtons.swift */ = {isa = PBXFileReference; fileEncoding = 4; lastKnownFileType = sourcecode.swift; path = SettingsButtons.swift; sourceTree = "<group>"; };
		E8ACFB511D43E4D2004F4C50 /* SettingsLabels.swift */ = {isa = PBXFileReference; fileEncoding = 4; lastKnownFileType = sourcecode.swift; path = SettingsLabels.swift; sourceTree = "<group>"; };
		E8ACFB5D1D43E970004F4C50 /* SettingsScene.swift */ = {isa = PBXFileReference; fileEncoding = 4; lastKnownFileType = sourcecode.swift; path = SettingsScene.swift; sourceTree = "<group>"; };
		E8ACFB631D43EA55004F4C50 /* SettingsScene.sks */ = {isa = PBXFileReference; lastKnownFileType = file.sks; path = SettingsScene.sks; sourceTree = "<group>"; };
		E8ACFB681D44059F004F4C50 /* ViewHelper.swift */ = {isa = PBXFileReference; fileEncoding = 4; lastKnownFileType = sourcecode.swift; path = ViewHelper.swift; sourceTree = "<group>"; };
		E8ACFB6F1D44253E004F4C50 /* LeaderboardsScene.swift */ = {isa = PBXFileReference; fileEncoding = 4; lastKnownFileType = sourcecode.swift; path = LeaderboardsScene.swift; sourceTree = "<group>"; };
		E8ACFB711D442554004F4C50 /* LeaderboardsScene.sks */ = {isa = PBXFileReference; lastKnownFileType = file.sks; path = LeaderboardsScene.sks; sourceTree = "<group>"; };
		E8ACFB761D442591004F4C50 /* LeaderboardsBackground.swift */ = {isa = PBXFileReference; fileEncoding = 4; lastKnownFileType = sourcecode.swift; path = LeaderboardsBackground.swift; sourceTree = "<group>"; };
		E8ACFB781D44259C004F4C50 /* LeaderboardsButtons.swift */ = {isa = PBXFileReference; fileEncoding = 4; lastKnownFileType = sourcecode.swift; path = LeaderboardsButtons.swift; sourceTree = "<group>"; };
		E8ACFB7A1D4425A8004F4C50 /* LeaderboardsLabels.swift */ = {isa = PBXFileReference; fileEncoding = 4; lastKnownFileType = sourcecode.swift; path = LeaderboardsLabels.swift; sourceTree = "<group>"; };
		E8ACFB851D45285E004F4C50 /* ChooseShipScene.swift */ = {isa = PBXFileReference; fileEncoding = 4; lastKnownFileType = sourcecode.swift; path = ChooseShipScene.swift; sourceTree = "<group>"; };
		E8ACFB871D452876004F4C50 /* ChooseShipScene.sks */ = {isa = PBXFileReference; lastKnownFileType = file.sks; path = ChooseShipScene.sks; sourceTree = "<group>"; };
		E8ACFB8C1D4528B5004F4C50 /* ChooseShipBackground.swift */ = {isa = PBXFileReference; fileEncoding = 4; lastKnownFileType = sourcecode.swift; path = ChooseShipBackground.swift; sourceTree = "<group>"; };
		E8ACFB8E1D4528C3004F4C50 /* ChooseShipButtons.swift */ = {isa = PBXFileReference; fileEncoding = 4; lastKnownFileType = sourcecode.swift; path = ChooseShipButtons.swift; sourceTree = "<group>"; };
		E8ACFB901D4528D8004F4C50 /* ChooseShipLabels.swift */ = {isa = PBXFileReference; fileEncoding = 4; lastKnownFileType = sourcecode.swift; path = ChooseShipLabels.swift; sourceTree = "<group>"; };
		E8EFC6CA1D6CF7DB00D1868A /* GameSettings.swift */ = {isa = PBXFileReference; fileEncoding = 4; lastKnownFileType = sourcecode.swift; path = GameSettings.swift; sourceTree = "<group>"; };
/* End PBXFileReference section */

/* Begin PBXFrameworksBuildPhase section */
		E8ACFAE61D41D4B9004F4C50 /* Frameworks */ = {
			isa = PBXFrameworksBuildPhase;
			buildActionMask = 2147483647;
			files = (
			);
			runOnlyForDeploymentPostprocessing = 0;
		};
		E8ACFAFE1D41D4BA004F4C50 /* Frameworks */ = {
			isa = PBXFrameworksBuildPhase;
			buildActionMask = 2147483647;
			files = (
			);
			runOnlyForDeploymentPostprocessing = 0;
		};
		E8ACFB091D41D4BA004F4C50 /* Frameworks */ = {
			isa = PBXFrameworksBuildPhase;
			buildActionMask = 2147483647;
			files = (
			);
			runOnlyForDeploymentPostprocessing = 0;
		};
		E8ACFB3A1D43DA79004F4C50 /* Frameworks */ = {
			isa = PBXFrameworksBuildPhase;
			buildActionMask = 2147483647;
			files = (
			);
			runOnlyForDeploymentPostprocessing = 0;
		};
/* End PBXFrameworksBuildPhase section */

/* Begin PBXGroup section */
		E834D6EE1D56B294004ED2D9 /* rocks */ = {
			isa = PBXGroup;
			children = (
				E834D6EF1D56B2A5004ED2D9 /* Rock.swift */,
				E88760F81D70DE7B00CE4504 /* Boost.swift */,
			);
			name = rocks;
			sourceTree = "<group>";
		};
		E834D6F51D66B70E004ED2D9 /* GameEngine */ = {
			isa = PBXGroup;
			children = (
				E834D6F71D66B741004ED2D9 /* GameEngine.swift */,
			);
			name = GameEngine;
			sourceTree = "<group>";
		};
		E834D6F61D66B71D004ED2D9 /* GameState */ = {
			isa = PBXGroup;
			children = (
				E834D6FA1D66BEF5004ED2D9 /* GameState.swift */,
				E8EFC6CA1D6CF7DB00D1868A /* GameSettings.swift */,
			);
			name = GameState;
			sourceTree = "<group>";
		};
		E834D6FD1D6A0BE4004ED2D9 /* OverWorld */ = {
			isa = PBXGroup;
			children = (
				E834D6FE1D6A0C02004ED2D9 /* WorldOne.swift */,
			);
			name = OverWorld;
			sourceTree = "<group>";
		};
		E85444441D45BBE000102BE2 /* Game */ = {
			isa = PBXGroup;
			children = (
				E8ACFAF01D41D4B9004F4C50 /* GameScene.swift */,
				E8ACFAEE1D41D4B9004F4C50 /* GameScene.sks */,
				E854444D1D45CA0D00102BE2 /* background */,
				E85444511D4C683E00102BE2 /* buttons */,
				E85444491D45C53E00102BE2 /* player */,
				E834D6EE1D56B294004ED2D9 /* rocks */,
				E85444551D4C6A1900102BE2 /* enemy */,
				E85444451D45C17500102BE2 /* boundaries */,
			);
			name = Game;
			sourceTree = "<group>";
		};
		E85444451D45C17500102BE2 /* boundaries */ = {
			isa = PBXGroup;
			children = (
				E85444461D45C18900102BE2 /* Boundaries.swift */,
			);
			name = boundaries;
			sourceTree = "<group>";
		};
		E85444491D45C53E00102BE2 /* player */ = {
			isa = PBXGroup;
			children = (
				E854444A1D45C56100102BE2 /* Player.swift */,
			);
			name = player;
			sourceTree = "<group>";
		};
		E854444D1D45CA0D00102BE2 /* background */ = {
			isa = PBXGroup;
			children = (
				E854444E1D45CA2F00102BE2 /* GameBackground.swift */,
			);
			name = background;
			sourceTree = "<group>";
		};
		E85444511D4C683E00102BE2 /* buttons */ = {
			isa = PBXGroup;
			children = (
				E85444521D4C686D00102BE2 /* GamesceneButtons.swift */,
			);
			name = buttons;
			sourceTree = "<group>";
		};
		E85444551D4C6A1900102BE2 /* enemy */ = {
			isa = PBXGroup;
			children = (
				E85444561D4C6A4900102BE2 /* Enemy.swift */,
			);
			name = enemy;
			sourceTree = "<group>";
		};
		E8ACFAE01D41D4B9004F4C50 = {
			isa = PBXGroup;
			children = (
				E8ACFAEB1D41D4B9004F4C50 /* SpaceElite */,
				E8ACFB041D41D4BA004F4C50 /* SpaceEliteTests */,
				E8ACFB0F1D41D4BA004F4C50 /* SpaceEliteUITests */,
				E8ACFAEA1D41D4B9004F4C50 /* Products */,
			);
			sourceTree = "<group>";
		};
		E8ACFAEA1D41D4B9004F4C50 /* Products */ = {
			isa = PBXGroup;
			children = (
				E8ACFAE91D41D4B9004F4C50 /* CometFall.app */,
				E8ACFB011D41D4BA004F4C50 /* CometFall.xctest */,
				E8ACFB0C1D41D4BA004F4C50 /* CometFall.xctest */,
				E8ACFB441D43DA79004F4C50 /* CometFall.app */,
			);
			name = Products;
			sourceTree = "<group>";
		};
		E8ACFAEB1D41D4B9004F4C50 /* SpaceElite */ = {
			isa = PBXGroup;
			children = (
				E834D6FD1D6A0BE4004ED2D9 /* OverWorld */,
				E834D6F61D66B71D004ED2D9 /* GameState */,
				E834D6F51D66B70E004ED2D9 /* GameEngine */,
				E8ACFB661D440588004F4C50 /* shared */,
				E8ACFB1E1D41DB8B004F4C50 /* Views */,
				E8ACFAEC1D41D4B9004F4C50 /* AppDelegate.swift */,
				E8ACFAF21D41D4B9004F4C50 /* GameViewController.swift */,
				E8ACFAF41D41D4B9004F4C50 /* Main.storyboard */,
				E8ACFAF71D41D4B9004F4C50 /* Assets.xcassets */,
				E8ACFAF91D41D4B9004F4C50 /* LaunchScreen.storyboard */,
				E8ACFAFC1D41D4B9004F4C50 /* Info.plist */,
				E8ACFB451D43DA79004F4C50 /* DEV-Info.plist */,
			);
			path = SpaceElite;
			sourceTree = "<group>";
		};
		E8ACFB041D41D4BA004F4C50 /* SpaceEliteTests */ = {
			isa = PBXGroup;
			children = (
				E8ACFB051D41D4BA004F4C50 /* SpaceEliteTests.swift */,
				E8ACFB071D41D4BA004F4C50 /* Info.plist */,
			);
			path = SpaceEliteTests;
			sourceTree = "<group>";
		};
		E8ACFB0F1D41D4BA004F4C50 /* SpaceEliteUITests */ = {
			isa = PBXGroup;
			children = (
				E8ACFB101D41D4BA004F4C50 /* SpaceEliteUITests.swift */,
				E8ACFB121D41D4BA004F4C50 /* Info.plist */,
			);
			path = SpaceEliteUITests;
			sourceTree = "<group>";
		};
		E8ACFB1E1D41DB8B004F4C50 /* Views */ = {
			isa = PBXGroup;
			children = (
				E85444441D45BBE000102BE2 /* Game */,
				E8ACFB841D452824004F4C50 /* ChooseShip */,
				E8ACFB6E1D44252B004F4C50 /* Leaderboards */,
				E8ACFB471D43DDB9004F4C50 /* Settings */,
				E8ACFB2D1D41EA33004F4C50 /* Menu */,
			);
			name = Views;
			sourceTree = "<group>";
		};
		E8ACFB271D41DF2B004F4C50 /* background */ = {
			isa = PBXGroup;
			children = (
				E8ACFB281D41DF75004F4C50 /* MenuBackground.swift */,
			);
			name = background;
			sourceTree = "<group>";
		};
		E8ACFB2A1D41E995004F4C50 /* buttons */ = {
			isa = PBXGroup;
			children = (
				E8ACFB2B1D41E9CC004F4C50 /* MenuButtons.swift */,
			);
			name = buttons;
			sourceTree = "<group>";
		};
		E8ACFB2D1D41EA33004F4C50 /* Menu */ = {
			isa = PBXGroup;
			children = (
				E8ACFB231D41DBE5004F4C50 /* MenuScene.swift */,
				E8ACFB251D41DBF6004F4C50 /* MenuScene.sks */,
				E8ACFB271D41DF2B004F4C50 /* background */,
				E8ACFB2A1D41E995004F4C50 /* buttons */,
				E8ACFB2E1D41F1CC004F4C50 /* labels */,
			);
			name = Menu;
			sourceTree = "<group>";
		};
		E8ACFB2E1D41F1CC004F4C50 /* labels */ = {
			isa = PBXGroup;
			children = (
				E8ACFB2F1D41F1DF004F4C50 /* MenuLabels.swift */,
			);
			name = labels;
			sourceTree = "<group>";
		};
		E8ACFB471D43DDB9004F4C50 /* Settings */ = {
			isa = PBXGroup;
			children = (
				E8ACFB5D1D43E970004F4C50 /* SettingsScene.swift */,
				E8ACFB631D43EA55004F4C50 /* SettingsScene.sks */,
				E8ACFB4A1D43DDDE004F4C50 /* background */,
				E8ACFB4B1D43DDEC004F4C50 /* buttons */,
				E8ACFB4C1D43DDF3004F4C50 /* labels */,
			);
			name = Settings;
			sourceTree = "<group>";
		};
		E8ACFB4A1D43DDDE004F4C50 /* background */ = {
			isa = PBXGroup;
			children = (
				E8ACFB4D1D43E4A4004F4C50 /* SettingsBackground.swift */,
			);
			name = background;
			sourceTree = "<group>";
		};
		E8ACFB4B1D43DDEC004F4C50 /* buttons */ = {
			isa = PBXGroup;
			children = (
				E8ACFB4F1D43E4B6004F4C50 /* SettingsButtons.swift */,
			);
			name = buttons;
			sourceTree = "<group>";
		};
		E8ACFB4C1D43DDF3004F4C50 /* labels */ = {
			isa = PBXGroup;
			children = (
				E8ACFB511D43E4D2004F4C50 /* SettingsLabels.swift */,
			);
			name = labels;
			sourceTree = "<group>";
		};
		E8ACFB661D440588004F4C50 /* shared */ = {
			isa = PBXGroup;
			children = (
				E8ACFB671D44058F004F4C50 /* helpers */,
			);
			name = shared;
			sourceTree = "<group>";
		};
		E8ACFB671D44058F004F4C50 /* helpers */ = {
			isa = PBXGroup;
			children = (
				E8ACFB681D44059F004F4C50 /* ViewHelper.swift */,
				E834D6EB1D568517004ED2D9 /* FunctionHelper.swift */,
				E834D6F21D56B2D8004ED2D9 /* PhysicsHelper.swift */,
			);
			name = helpers;
			sourceTree = "<group>";
		};
		E8ACFB6E1D44252B004F4C50 /* Leaderboards */ = {
			isa = PBXGroup;
			children = (
				E8ACFB6F1D44253E004F4C50 /* LeaderboardsScene.swift */,
				E8ACFB711D442554004F4C50 /* LeaderboardsScene.sks */,
				E8ACFB751D442566004F4C50 /* background */,
				E8ACFB741D442562004F4C50 /* buttons */,
				E8ACFB731D44255C004F4C50 /* labels */,
			);
			name = Leaderboards;
			sourceTree = "<group>";
		};
		E8ACFB731D44255C004F4C50 /* labels */ = {
			isa = PBXGroup;
			children = (
				E8ACFB7A1D4425A8004F4C50 /* LeaderboardsLabels.swift */,
			);
			name = labels;
			sourceTree = "<group>";
		};
		E8ACFB741D442562004F4C50 /* buttons */ = {
			isa = PBXGroup;
			children = (
				E8ACFB781D44259C004F4C50 /* LeaderboardsButtons.swift */,
			);
			name = buttons;
			sourceTree = "<group>";
		};
		E8ACFB751D442566004F4C50 /* background */ = {
			isa = PBXGroup;
			children = (
				E8ACFB761D442591004F4C50 /* LeaderboardsBackground.swift */,
			);
			name = background;
			sourceTree = "<group>";
		};
		E8ACFB841D452824004F4C50 /* ChooseShip */ = {
			isa = PBXGroup;
			children = (
				E8ACFB851D45285E004F4C50 /* ChooseShipScene.swift */,
				E8ACFB871D452876004F4C50 /* ChooseShipScene.sks */,
				E8ACFB8B1D452890004F4C50 /* background */,
				E8ACFB8A1D452888004F4C50 /* buttons */,
				E8ACFB891D45287D004F4C50 /* labels */,
			);
			name = ChooseShip;
			sourceTree = "<group>";
		};
		E8ACFB891D45287D004F4C50 /* labels */ = {
			isa = PBXGroup;
			children = (
				E8ACFB901D4528D8004F4C50 /* ChooseShipLabels.swift */,
			);
			name = labels;
			sourceTree = "<group>";
		};
		E8ACFB8A1D452888004F4C50 /* buttons */ = {
			isa = PBXGroup;
			children = (
				E8ACFB8E1D4528C3004F4C50 /* ChooseShipButtons.swift */,
			);
			name = buttons;
			sourceTree = "<group>";
		};
		E8ACFB8B1D452890004F4C50 /* background */ = {
			isa = PBXGroup;
			children = (
				E8ACFB8C1D4528B5004F4C50 /* ChooseShipBackground.swift */,
			);
			name = background;
			sourceTree = "<group>";
		};
/* End PBXGroup section */

/* Begin PBXNativeTarget section */
		E8ACFAE81D41D4B9004F4C50 /* CometFall */ = {
			isa = PBXNativeTarget;
			buildConfigurationList = E8ACFB151D41D4BA004F4C50 /* Build configuration list for PBXNativeTarget "CometFall" */;
			buildPhases = (
				E8ACFAE51D41D4B9004F4C50 /* Sources */,
				E8ACFAE61D41D4B9004F4C50 /* Frameworks */,
				E8ACFAE71D41D4B9004F4C50 /* Resources */,
			);
			buildRules = (
			);
			dependencies = (
			);
			name = CometFall;
			productName = SpaceElite;
			productReference = E8ACFAE91D41D4B9004F4C50 /* CometFall.app */;
			productType = "com.apple.product-type.application";
		};
		E8ACFB001D41D4BA004F4C50 /* CometFallTests */ = {
			isa = PBXNativeTarget;
			buildConfigurationList = E8ACFB181D41D4BA004F4C50 /* Build configuration list for PBXNativeTarget "CometFallTests" */;
			buildPhases = (
				E8ACFAFD1D41D4BA004F4C50 /* Sources */,
				E8ACFAFE1D41D4BA004F4C50 /* Frameworks */,
				E8ACFAFF1D41D4BA004F4C50 /* Resources */,
			);
			buildRules = (
			);
			dependencies = (
				E8ACFB031D41D4BA004F4C50 /* PBXTargetDependency */,
			);
			name = CometFallTests;
			productName = SpaceEliteTests;
			productReference = E8ACFB011D41D4BA004F4C50 /* CometFall.xctest */;
			productType = "com.apple.product-type.bundle.unit-test";
		};
		E8ACFB0B1D41D4BA004F4C50 /* CometFallUITests */ = {
			isa = PBXNativeTarget;
			buildConfigurationList = E8ACFB1B1D41D4BA004F4C50 /* Build configuration list for PBXNativeTarget "CometFallUITests" */;
			buildPhases = (
				E8ACFB081D41D4BA004F4C50 /* Sources */,
				E8ACFB091D41D4BA004F4C50 /* Frameworks */,
				E8ACFB0A1D41D4BA004F4C50 /* Resources */,
			);
			buildRules = (
			);
			dependencies = (
				E8ACFB0E1D41D4BA004F4C50 /* PBXTargetDependency */,
			);
			name = CometFallUITests;
			productName = SpaceEliteUITests;
			productReference = E8ACFB0C1D41D4BA004F4C50 /* CometFall.xctest */;
			productType = "com.apple.product-type.bundle.ui-testing";
		};
		E8ACFB311D43DA79004F4C50 /* CometFall-DEV */ = {
			isa = PBXNativeTarget;
			buildConfigurationList = E8ACFB411D43DA79004F4C50 /* Build configuration list for PBXNativeTarget "CometFall-DEV" */;
			buildPhases = (
				E8ACFB321D43DA79004F4C50 /* Sources */,
				E8ACFB3A1D43DA79004F4C50 /* Frameworks */,
				E8ACFB3B1D43DA79004F4C50 /* Resources */,
			);
			buildRules = (
			);
			dependencies = (
			);
			name = "CometFall-DEV";
			productName = SpaceElite;
			productReference = E8ACFB441D43DA79004F4C50 /* CometFall.app */;
			productType = "com.apple.product-type.application";
		};
/* End PBXNativeTarget section */

/* Begin PBXProject section */
		E8ACFAE11D41D4B9004F4C50 /* Project object */ = {
			isa = PBXProject;
			attributes = {
				LastSwiftUpdateCheck = 0730;
				LastUpgradeCheck = 0800;
				ORGANIZATIONNAME = "Keenan Sturtevant";
				TargetAttributes = {
					E8ACFAE81D41D4B9004F4C50 = {
						CreatedOnToolsVersion = 7.3.1;
						DevelopmentTeam = 724X7XMPF4;
						LastSwiftMigration = 0800;
					};
					E8ACFB001D41D4BA004F4C50 = {
						CreatedOnToolsVersion = 7.3.1;
						LastSwiftMigration = 0800;
						TestTargetID = E8ACFAE81D41D4B9004F4C50;
					};
					E8ACFB0B1D41D4BA004F4C50 = {
						CreatedOnToolsVersion = 7.3.1;
						LastSwiftMigration = 0800;
						TestTargetID = E8ACFAE81D41D4B9004F4C50;
					};
					E8ACFB311D43DA79004F4C50 = {
						DevelopmentTeam = 724X7XMPF4;
						LastSwiftMigration = 0800;
					};
				};
			};
			buildConfigurationList = E8ACFAE41D41D4B9004F4C50 /* Build configuration list for PBXProject "CometFall" */;
			compatibilityVersion = "Xcode 3.2";
			developmentRegion = English;
			hasScannedForEncodings = 0;
			knownRegions = (
				en,
				Base,
			);
			mainGroup = E8ACFAE01D41D4B9004F4C50;
			productRefGroup = E8ACFAEA1D41D4B9004F4C50 /* Products */;
			projectDirPath = "";
			projectRoot = "";
			targets = (
				E8ACFAE81D41D4B9004F4C50 /* CometFall */,
				E8ACFB001D41D4BA004F4C50 /* CometFallTests */,
				E8ACFB0B1D41D4BA004F4C50 /* CometFallUITests */,
				E8ACFB311D43DA79004F4C50 /* CometFall-DEV */,
			);
		};
/* End PBXProject section */

/* Begin PBXResourcesBuildPhase section */
		E8ACFAE71D41D4B9004F4C50 /* Resources */ = {
			isa = PBXResourcesBuildPhase;
			buildActionMask = 2147483647;
			files = (
				E8ACFAEF1D41D4B9004F4C50 /* GameScene.sks in Resources */,
				E8ACFAFB1D41D4B9004F4C50 /* LaunchScreen.storyboard in Resources */,
				E8ACFB721D442554004F4C50 /* LeaderboardsScene.sks in Resources */,
				E8ACFB641D43EA55004F4C50 /* SettingsScene.sks in Resources */,
				E8ACFB831D45275E004F4C50 /* Assets.xcassets in Resources */,
				E8ACFB881D452876004F4C50 /* ChooseShipScene.sks in Resources */,
				E8ACFB261D41DBF6004F4C50 /* MenuScene.sks in Resources */,
				E8ACFAF61D41D4B9004F4C50 /* Main.storyboard in Resources */,
			);
			runOnlyForDeploymentPostprocessing = 0;
		};
		E8ACFAFF1D41D4BA004F4C50 /* Resources */ = {
			isa = PBXResourcesBuildPhase;
			buildActionMask = 2147483647;
			files = (
			);
			runOnlyForDeploymentPostprocessing = 0;
		};
		E8ACFB0A1D41D4BA004F4C50 /* Resources */ = {
			isa = PBXResourcesBuildPhase;
			buildActionMask = 2147483647;
			files = (
			);
			runOnlyForDeploymentPostprocessing = 0;
		};
		E8ACFB3B1D43DA79004F4C50 /* Resources */ = {
			isa = PBXResourcesBuildPhase;
			buildActionMask = 2147483647;
			files = (
				E8ACFB3C1D43DA79004F4C50 /* GameScene.sks in Resources */,
				E8ACFB7C1D4428F5004F4C50 /* LeaderboardsScene.sks in Resources */,
				E8ACFB651D43EA65004F4C50 /* SettingsScene.sks in Resources */,
				E8ACFB931D4540D8004F4C50 /* ChooseShipScene.sks in Resources */,
				E8ACFB3D1D43DA79004F4C50 /* LaunchScreen.storyboard in Resources */,
				E8ACFB3F1D43DA79004F4C50 /* MenuScene.sks in Resources */,
				E8ACFB821D452758004F4C50 /* Assets.xcassets in Resources */,
				E8ACFB401D43DA79004F4C50 /* Main.storyboard in Resources */,
			);
			runOnlyForDeploymentPostprocessing = 0;
		};
/* End PBXResourcesBuildPhase section */

/* Begin PBXSourcesBuildPhase section */
		E8ACFAE51D41D4B9004F4C50 /* Sources */ = {
			isa = PBXSourcesBuildPhase;
			buildActionMask = 2147483647;
			files = (
				E85444531D4C686D00102BE2 /* GamesceneButtons.swift in Sources */,
				E834D6F31D56B2D8004ED2D9 /* PhysicsHelper.swift in Sources */,
				E834D6F81D66B741004ED2D9 /* GameEngine.swift in Sources */,
				E854444B1D45C56100102BE2 /* Player.swift in Sources */,
				E8ACFB501D43E4B6004F4C50 /* SettingsButtons.swift in Sources */,
				E85444471D45C18900102BE2 /* Boundaries.swift in Sources */,
				E834D6FF1D6A0C02004ED2D9 /* WorldOne.swift in Sources */,
				E8ACFB301D41F1DF004F4C50 /* MenuLabels.swift in Sources */,
				E8ACFB2C1D41E9CC004F4C50 /* MenuButtons.swift in Sources */,
				E85444571D4C6A4900102BE2 /* Enemy.swift in Sources */,
				E8ACFB791D44259C004F4C50 /* LeaderboardsButtons.swift in Sources */,
				E8ACFB4E1D43E4A4004F4C50 /* SettingsBackground.swift in Sources */,
				E8ACFAF11D41D4B9004F4C50 /* GameScene.swift in Sources */,
				E8ACFB771D442591004F4C50 /* LeaderboardsBackground.swift in Sources */,
				E88760F91D70DE7B00CE4504 /* Boost.swift in Sources */,
				E8ACFB241D41DBE5004F4C50 /* MenuScene.swift in Sources */,
				E8ACFAF31D41D4B9004F4C50 /* GameViewController.swift in Sources */,
				E8ACFB5E1D43E970004F4C50 /* SettingsScene.swift in Sources */,
				E8ACFB521D43E4D2004F4C50 /* SettingsLabels.swift in Sources */,
				E8ACFAED1D41D4B9004F4C50 /* AppDelegate.swift in Sources */,
				E8ACFB691D44059F004F4C50 /* ViewHelper.swift in Sources */,
				E8ACFB911D4528D8004F4C50 /* ChooseShipLabels.swift in Sources */,
				E8ACFB701D44253E004F4C50 /* LeaderboardsScene.swift in Sources */,
				E8ACFB8F1D4528C3004F4C50 /* ChooseShipButtons.swift in Sources */,
				E8ACFB8D1D4528B5004F4C50 /* ChooseShipBackground.swift in Sources */,
				E8EFC6CB1D6CF7DB00D1868A /* GameSettings.swift in Sources */,
				E834D6F01D56B2A5004ED2D9 /* Rock.swift in Sources */,
				E834D6EC1D568517004ED2D9 /* FunctionHelper.swift in Sources */,
				E8ACFB7B1D4425A8004F4C50 /* LeaderboardsLabels.swift in Sources */,
				E854444F1D45CA2F00102BE2 /* GameBackground.swift in Sources */,
				E834D6FB1D66BEF5004ED2D9 /* GameState.swift in Sources */,
				E8ACFB291D41DF75004F4C50 /* MenuBackground.swift in Sources */,
				E8ACFB861D45285E004F4C50 /* ChooseShipScene.swift in Sources */,
			);
			runOnlyForDeploymentPostprocessing = 0;
		};
		E8ACFAFD1D41D4BA004F4C50 /* Sources */ = {
			isa = PBXSourcesBuildPhase;
			buildActionMask = 2147483647;
			files = (
				E8ACFB061D41D4BA004F4C50 /* SpaceEliteTests.swift in Sources */,
			);
			runOnlyForDeploymentPostprocessing = 0;
		};
		E8ACFB081D41D4BA004F4C50 /* Sources */ = {
			isa = PBXSourcesBuildPhase;
			buildActionMask = 2147483647;
			files = (
				E8ACFB111D41D4BA004F4C50 /* SpaceEliteUITests.swift in Sources */,
			);
			runOnlyForDeploymentPostprocessing = 0;
		};
		E8ACFB321D43DA79004F4C50 /* Sources */ = {
			isa = PBXSourcesBuildPhase;
			buildActionMask = 2147483647;
			files = (
				E85444541D4C686D00102BE2 /* GamesceneButtons.swift in Sources */,
				E834D6F41D56B2D8004ED2D9 /* PhysicsHelper.swift in Sources */,
				E834D6F91D66B741004ED2D9 /* GameEngine.swift in Sources */,
				E854444C1D45C56100102BE2 /* Player.swift in Sources */,
				E8ACFB611D43E97F004F4C50 /* SettingsButtons.swift in Sources */,
				E85444481D45C18900102BE2 /* Boundaries.swift in Sources */,
				E834D7001D6A0C02004ED2D9 /* WorldOne.swift in Sources */,
				E8ACFB331D43DA79004F4C50 /* MenuLabels.swift in Sources */,
				E8ACFB341D43DA79004F4C50 /* MenuButtons.swift in Sources */,
				E85444581D4C6A4900102BE2 /* Enemy.swift in Sources */,
				E8ACFB7F1D4428FF004F4C50 /* LeaderboardsButtons.swift in Sources */,
				E8ACFB601D43E97C004F4C50 /* SettingsBackground.swift in Sources */,
				E8ACFB351D43DA79004F4C50 /* GameScene.swift in Sources */,
				E8ACFB7E1D4428FD004F4C50 /* LeaderboardsBackground.swift in Sources */,
				E88760FA1D70DE7B00CE4504 /* Boost.swift in Sources */,
				E8ACFB361D43DA79004F4C50 /* MenuScene.swift in Sources */,
				E8ACFB371D43DA79004F4C50 /* GameViewController.swift in Sources */,
				E8ACFB5F1D43E978004F4C50 /* SettingsScene.swift in Sources */,
				E8ACFB621D43E982004F4C50 /* SettingsLabels.swift in Sources */,
				E8ACFB381D43DA79004F4C50 /* AppDelegate.swift in Sources */,
				E8ACFB6A1D4405A2004F4C50 /* ViewHelper.swift in Sources */,
				E8ACFB961D4540E6004F4C50 /* ChooseShipLabels.swift in Sources */,
				E8ACFB7D1D4428F8004F4C50 /* LeaderboardsScene.swift in Sources */,
				E8ACFB951D4540E2004F4C50 /* ChooseShipButtons.swift in Sources */,
				E8ACFB941D4540DE004F4C50 /* ChooseShipBackground.swift in Sources */,
				E8EFC6CC1D6CF7DB00D1868A /* GameSettings.swift in Sources */,
				E834D6F11D56B2A5004ED2D9 /* Rock.swift in Sources */,
				E834D6ED1D568517004ED2D9 /* FunctionHelper.swift in Sources */,
				E8ACFB801D442902004F4C50 /* LeaderboardsLabels.swift in Sources */,
				E85444501D45CA2F00102BE2 /* GameBackground.swift in Sources */,
				E834D6FC1D66BEF5004ED2D9 /* GameState.swift in Sources */,
				E8ACFB391D43DA79004F4C50 /* MenuBackground.swift in Sources */,
				E8ACFB921D4540D4004F4C50 /* ChooseShipScene.swift in Sources */,
			);
			runOnlyForDeploymentPostprocessing = 0;
		};
/* End PBXSourcesBuildPhase section */

/* Begin PBXTargetDependency section */
		E8ACFB031D41D4BA004F4C50 /* PBXTargetDependency */ = {
			isa = PBXTargetDependency;
			target = E8ACFAE81D41D4B9004F4C50 /* CometFall */;
			targetProxy = E8ACFB021D41D4BA004F4C50 /* PBXContainerItemProxy */;
		};
		E8ACFB0E1D41D4BA004F4C50 /* PBXTargetDependency */ = {
			isa = PBXTargetDependency;
			target = E8ACFAE81D41D4B9004F4C50 /* CometFall */;
			targetProxy = E8ACFB0D1D41D4BA004F4C50 /* PBXContainerItemProxy */;
		};
/* End PBXTargetDependency section */

/* Begin PBXVariantGroup section */
		E8ACFAF41D41D4B9004F4C50 /* Main.storyboard */ = {
			isa = PBXVariantGroup;
			children = (
				E8ACFAF51D41D4B9004F4C50 /* Base */,
			);
			name = Main.storyboard;
			sourceTree = "<group>";
		};
		E8ACFAF91D41D4B9004F4C50 /* LaunchScreen.storyboard */ = {
			isa = PBXVariantGroup;
			children = (
				E8ACFAFA1D41D4B9004F4C50 /* Base */,
			);
			name = LaunchScreen.storyboard;
			sourceTree = "<group>";
		};
/* End PBXVariantGroup section */

/* Begin XCBuildConfiguration section */
		E8ACFB131D41D4BA004F4C50 /* Debug */ = {
			isa = XCBuildConfiguration;
			buildSettings = {
				ALWAYS_SEARCH_USER_PATHS = NO;
				CLANG_ANALYZER_NONNULL = YES;
				CLANG_CXX_LANGUAGE_STANDARD = "gnu++0x";
				CLANG_CXX_LIBRARY = "libc++";
				CLANG_ENABLE_MODULES = YES;
				CLANG_ENABLE_OBJC_ARC = YES;
				CLANG_WARN_BOOL_CONVERSION = YES;
				CLANG_WARN_CONSTANT_CONVERSION = YES;
				CLANG_WARN_DIRECT_OBJC_ISA_USAGE = YES_ERROR;
				CLANG_WARN_EMPTY_BODY = YES;
				CLANG_WARN_ENUM_CONVERSION = YES;
				CLANG_WARN_INFINITE_RECURSION = YES;
				CLANG_WARN_INT_CONVERSION = YES;
				CLANG_WARN_OBJC_ROOT_CLASS = YES_ERROR;
				CLANG_WARN_SUSPICIOUS_MOVE = YES;
				CLANG_WARN_UNREACHABLE_CODE = YES;
				CLANG_WARN__DUPLICATE_METHOD_MATCH = YES;
				"CODE_SIGN_IDENTITY[sdk=iphoneos*]" = "iPhone Developer";
				COPY_PHASE_STRIP = NO;
				DEBUG_INFORMATION_FORMAT = "dwarf-with-dsym";
				ENABLE_STRICT_OBJC_MSGSEND = YES;
				ENABLE_TESTABILITY = YES;
				GCC_C_LANGUAGE_STANDARD = gnu99;
				GCC_DYNAMIC_NO_PIC = NO;
				GCC_NO_COMMON_BLOCKS = YES;
				GCC_OPTIMIZATION_LEVEL = 0;
				GCC_PREPROCESSOR_DEFINITIONS = (
					"DEBUG=1",
					"$(inherited)",
				);
				GCC_WARN_64_TO_32_BIT_CONVERSION = YES;
				GCC_WARN_ABOUT_RETURN_TYPE = YES_ERROR;
				GCC_WARN_UNDECLARED_SELECTOR = YES;
				GCC_WARN_UNINITIALIZED_AUTOS = YES_AGGRESSIVE;
				GCC_WARN_UNUSED_FUNCTION = YES;
				GCC_WARN_UNUSED_VARIABLE = YES;
				IPHONEOS_DEPLOYMENT_TARGET = 9.3;
				LD_RUNPATH_SEARCH_PATHS = "@executable_path/Frameworks";
				MTL_ENABLE_DEBUG_INFO = YES;
				ONLY_ACTIVE_ARCH = YES;
				SDKROOT = iphoneos;
				SWIFT_OPTIMIZATION_LEVEL = "-Onone";
				TARGETED_DEVICE_FAMILY = "1,2";
			};
			name = Debug;
		};
		E8ACFB141D41D4BA004F4C50 /* Release */ = {
			isa = XCBuildConfiguration;
			buildSettings = {
				ALWAYS_SEARCH_USER_PATHS = NO;
				CLANG_ANALYZER_NONNULL = YES;
				CLANG_CXX_LANGUAGE_STANDARD = "gnu++0x";
				CLANG_CXX_LIBRARY = "libc++";
				CLANG_ENABLE_MODULES = YES;
				CLANG_ENABLE_OBJC_ARC = YES;
				CLANG_WARN_BOOL_CONVERSION = YES;
				CLANG_WARN_CONSTANT_CONVERSION = YES;
				CLANG_WARN_DIRECT_OBJC_ISA_USAGE = YES_ERROR;
				CLANG_WARN_EMPTY_BODY = YES;
				CLANG_WARN_ENUM_CONVERSION = YES;
				CLANG_WARN_INFINITE_RECURSION = YES;
				CLANG_WARN_INT_CONVERSION = YES;
				CLANG_WARN_OBJC_ROOT_CLASS = YES_ERROR;
				CLANG_WARN_SUSPICIOUS_MOVE = YES;
				CLANG_WARN_UNREACHABLE_CODE = YES;
				CLANG_WARN__DUPLICATE_METHOD_MATCH = YES;
				"CODE_SIGN_IDENTITY[sdk=iphoneos*]" = "iPhone Developer";
				COPY_PHASE_STRIP = NO;
				DEBUG_INFORMATION_FORMAT = "dwarf-with-dsym";
				ENABLE_NS_ASSERTIONS = NO;
				ENABLE_STRICT_OBJC_MSGSEND = YES;
				GCC_C_LANGUAGE_STANDARD = gnu99;
				GCC_NO_COMMON_BLOCKS = YES;
				GCC_WARN_64_TO_32_BIT_CONVERSION = YES;
				GCC_WARN_ABOUT_RETURN_TYPE = YES_ERROR;
				GCC_WARN_UNDECLARED_SELECTOR = YES;
				GCC_WARN_UNINITIALIZED_AUTOS = YES_AGGRESSIVE;
				GCC_WARN_UNUSED_FUNCTION = YES;
				GCC_WARN_UNUSED_VARIABLE = YES;
				IPHONEOS_DEPLOYMENT_TARGET = 9.3;
				LD_RUNPATH_SEARCH_PATHS = "@executable_path/Frameworks";
				MTL_ENABLE_DEBUG_INFO = NO;
				SDKROOT = iphoneos;
				SWIFT_OPTIMIZATION_LEVEL = "-Owholemodule";
				TARGETED_DEVICE_FAMILY = "1,2";
				VALIDATE_PRODUCT = YES;
			};
			name = Release;
		};
		E8ACFB161D41D4BA004F4C50 /* Debug */ = {
			isa = XCBuildConfiguration;
			buildSettings = {
				ASSETCATALOG_COMPILER_APPICON_NAME = AppIcon;
				CODE_SIGN_IDENTITY = "iPhone Developer";
				"CODE_SIGN_IDENTITY[sdk=iphoneos*]" = "iPhone Developer";
				INFOPLIST_FILE = SpaceElite/Info.plist;
				IPHONEOS_DEPLOYMENT_TARGET = 9.2;
				LD_RUNPATH_SEARCH_PATHS = "$(inherited) @executable_path/Frameworks";
				PRODUCT_BUNDLE_IDENTIFIER = com.keenan144dev.SpaceElite;
				PRODUCT_NAME = CometFall;
				PROVISIONING_PROFILE = "";
				SWIFT_VERSION = 3.0;
			};
			name = Debug;
		};
		E8ACFB171D41D4BA004F4C50 /* Release */ = {
			isa = XCBuildConfiguration;
			buildSettings = {
				ASSETCATALOG_COMPILER_APPICON_NAME = AppIcon;
				CODE_SIGN_IDENTITY = "iPhone Developer";
				"CODE_SIGN_IDENTITY[sdk=iphoneos*]" = "iPhone Developer";
				INFOPLIST_FILE = SpaceElite/Info.plist;
				IPHONEOS_DEPLOYMENT_TARGET = 9.2;
				LD_RUNPATH_SEARCH_PATHS = "$(inherited) @executable_path/Frameworks";
				PRODUCT_BUNDLE_IDENTIFIER = com.keenan144dev.SpaceElite;
				PRODUCT_NAME = CometFall;
				PROVISIONING_PROFILE = "";
				SWIFT_VERSION = 3.0;
			};
			name = Release;
		};
		E8ACFB191D41D4BA004F4C50 /* Debug */ = {
			isa = XCBuildConfiguration;
			buildSettings = {
				BUNDLE_LOADER = "$(TEST_HOST)";
				DEBUG_INFORMATION_FORMAT = dwarf;
				INFOPLIST_FILE = SpaceEliteTests/Info.plist;
				LD_RUNPATH_SEARCH_PATHS = "$(inherited) @executable_path/Frameworks @loader_path/Frameworks";
				PRODUCT_BUNDLE_IDENTIFIER = com.keenansturtevant.SpaceEliteTests;
				PRODUCT_NAME = CometFall;
				SWIFT_VERSION = 3.0;
				TEST_HOST = "$(BUILT_PRODUCTS_DIR)/CometFall.app/CometFall";
			};
			name = Debug;
		};
		E8ACFB1A1D41D4BA004F4C50 /* Release */ = {
			isa = XCBuildConfiguration;
			buildSettings = {
				BUNDLE_LOADER = "$(TEST_HOST)";
				INFOPLIST_FILE = SpaceEliteTests/Info.plist;
				LD_RUNPATH_SEARCH_PATHS = "$(inherited) @executable_path/Frameworks @loader_path/Frameworks";
				PRODUCT_BUNDLE_IDENTIFIER = com.keenansturtevant.SpaceEliteTests;
				PRODUCT_NAME = CometFall;
				SWIFT_VERSION = 3.0;
				TEST_HOST = "$(BUILT_PRODUCTS_DIR)/CometFall.app/CometFall";
			};
			name = Release;
		};
		E8ACFB1C1D41D4BA004F4C50 /* Debug */ = {
			isa = XCBuildConfiguration;
			buildSettings = {
				DEBUG_INFORMATION_FORMAT = dwarf;
				INFOPLIST_FILE = SpaceEliteUITests/Info.plist;
				LD_RUNPATH_SEARCH_PATHS = "$(inherited) @executable_path/Frameworks @loader_path/Frameworks";
				PRODUCT_BUNDLE_IDENTIFIER = com.keenansturtevant.SpaceEliteUITests;
				PRODUCT_NAME = CometFall;
				SWIFT_VERSION = 3.0;
				TEST_TARGET_NAME = SpaceElite;
			};
			name = Debug;
		};
		E8ACFB1D1D41D4BA004F4C50 /* Release */ = {
			isa = XCBuildConfiguration;
			buildSettings = {
				INFOPLIST_FILE = SpaceEliteUITests/Info.plist;
				LD_RUNPATH_SEARCH_PATHS = "$(inherited) @executable_path/Frameworks @loader_path/Frameworks";
				PRODUCT_BUNDLE_IDENTIFIER = com.keenansturtevant.SpaceEliteUITests;
				PRODUCT_NAME = CometFall;
				SWIFT_VERSION = 3.0;
				TEST_TARGET_NAME = SpaceElite;
			};
			name = Release;
		};
		E8ACFB421D43DA79004F4C50 /* Debug */ = {
			isa = XCBuildConfiguration;
			buildSettings = {
				ASSETCATALOG_COMPILER_APPICON_NAME = "AppIcon-DEV";
				CODE_SIGN_IDENTITY = "iPhone Developer";
				"CODE_SIGN_IDENTITY[sdk=iphoneos*]" = "iPhone Developer";
				INFOPLIST_FILE = "DEV-Info.plist";
				IPHONEOS_DEPLOYMENT_TARGET = 9.2;
				LD_RUNPATH_SEARCH_PATHS = "$(inherited) @executable_path/Frameworks";
				PRODUCT_BUNDLE_IDENTIFIER = "com.keenan144dev.SpaceElite-DEV";
				PRODUCT_NAME = CometFall;
				PROVISIONING_PROFILE = "";
				SWIFT_VERSION = 3.0;
			};
			name = Debug;
		};
		E8ACFB431D43DA79004F4C50 /* Release */ = {
			isa = XCBuildConfiguration;
			buildSettings = {
				ASSETCATALOG_COMPILER_APPICON_NAME = "AppIcon-DEV";
				CODE_SIGN_IDENTITY = "iPhone Developer";
				"CODE_SIGN_IDENTITY[sdk=iphoneos*]" = "iPhone Developer";
				INFOPLIST_FILE = "DEV-Info.plist";
				IPHONEOS_DEPLOYMENT_TARGET = 9.2;
				LD_RUNPATH_SEARCH_PATHS = "$(inherited) @executable_path/Frameworks";
				PRODUCT_BUNDLE_IDENTIFIER = "com.keenan144dev.SpaceElite-DEV";
				PRODUCT_NAME = CometFall;
				PROVISIONING_PROFILE = "";
				SWIFT_VERSION = 3.0;
			};
			name = Release;
		};
/* End XCBuildConfiguration section */

/* Begin XCConfigurationList section */
		E8ACFAE41D41D4B9004F4C50 /* Build configuration list for PBXProject "CometFall" */ = {
			isa = XCConfigurationList;
			buildConfigurations = (
				E8ACFB131D41D4BA004F4C50 /* Debug */,
				E8ACFB141D41D4BA004F4C50 /* Release */,
			);
			defaultConfigurationIsVisible = 0;
			defaultConfigurationName = Release;
		};
		E8ACFB151D41D4BA004F4C50 /* Build configuration list for PBXNativeTarget "CometFall" */ = {
			isa = XCConfigurationList;
			buildConfigurations = (
				E8ACFB161D41D4BA004F4C50 /* Debug */,
				E8ACFB171D41D4BA004F4C50 /* Release */,
			);
			defaultConfigurationIsVisible = 0;
			defaultConfigurationName = Release;
		};
		E8ACFB181D41D4BA004F4C50 /* Build configuration list for PBXNativeTarget "CometFallTests" */ = {
			isa = XCConfigurationList;
			buildConfigurations = (
				E8ACFB191D41D4BA004F4C50 /* Debug */,
				E8ACFB1A1D41D4BA004F4C50 /* Release */,
			);
			defaultConfigurationIsVisible = 0;
			defaultConfigurationName = Release;
		};
		E8ACFB1B1D41D4BA004F4C50 /* Build configuration list for PBXNativeTarget "CometFallUITests" */ = {
			isa = XCConfigurationList;
			buildConfigurations = (
				E8ACFB1C1D41D4BA004F4C50 /* Debug */,
				E8ACFB1D1D41D4BA004F4C50 /* Release */,
			);
			defaultConfigurationIsVisible = 0;
			defaultConfigurationName = Release;
		};
		E8ACFB411D43DA79004F4C50 /* Build configuration list for PBXNativeTarget "CometFall-DEV" */ = {
			isa = XCConfigurationList;
			buildConfigurations = (
				E8ACFB421D43DA79004F4C50 /* Debug */,
				E8ACFB431D43DA79004F4C50 /* Release */,
			);
			defaultConfigurationIsVisible = 0;
			defaultConfigurationName = Release;
		};
/* End XCConfigurationList section */
	};
	rootObject = E8ACFAE11D41D4B9004F4C50 /* Project object */;
}
